Microsoft Visual Studio Solution File, Format Version 12.00
# Visual Studio Version 17
VisualStudioVersion = 17.5.2.0
MinimumVisualStudioVersion = 10.0.40219.1
Project("{FAE04EC0-301F-11D3-BF4B-00C04F79EFBC}") = "Elytar", "Elytar.csproj", "{85AA8990-212F-F7EA-C913-DA1553E3A4E0}"
EndProject
Global
	GlobalSection(SolutionConfigurationPlatforms) = preSolution
		Debug|Any CPU = Debug|Any CPU
		Release|Any CPU = Release|Any CPU
	EndGlobalSection
	GlobalSection(ProjectConfigurationPlatforms) = postSolution
		{85AA8990-212F-F7EA-C913-DA1553E3A4E0}.Debug|Any CPU.ActiveCfg = Debug|Any CPU
		{85AA8990-212F-F7EA-C913-DA1553E3A4E0}.Debug|Any CPU.Build.0 = Debug|Any CPU
		{85AA8990-212F-F7EA-C913-DA1553E3A4E0}.Release|Any CPU.ActiveCfg = Release|Any CPU
		{85AA8990-212F-F7EA-C913-DA1553E3A4E0}.Release|Any CPU.Build.0 = Release|Any CPU
	EndGlobalSection
	GlobalSection(SolutionProperties) = preSolution
		HideSolutionNode = FALSE
	EndGlobalSection
	GlobalSection(ExtensibilityGlobals) = postSolution
		SolutionGuid = {9B486C59-3650-4E63-9F5C-5A0414459B50}
	EndGlobalSection
EndGlobal
